// !$*UTF8*$!
{
	archiveVersion = 1;
	classes = {
	};
	objectVersion = 46;
	objects = {

/* Begin PBXBuildFile section */
		9DBB96671DABFD6700276552 /* AppDelegate.swift in Sources */ = {isa = PBXBuildFile; fileRef = 9DBB96661DABFD6700276552 /* AppDelegate.swift */; };
		9DBB96691DABFD6700276552 /* ViewController.swift in Sources */ = {isa = PBXBuildFile; fileRef = 9DBB96681DABFD6700276552 /* ViewController.swift */; };
		9DBB966C1DABFD6700276552 /* Main.storyboard in Resources */ = {isa = PBXBuildFile; fileRef = 9DBB966A1DABFD6700276552 /* Main.storyboard */; };
		9DBB966E1DABFD6700276552 /* Assets.xcassets in Resources */ = {isa = PBXBuildFile; fileRef = 9DBB966D1DABFD6700276552 /* Assets.xcassets */; };
		9DBB96711DABFD6700276552 /* LaunchScreen.storyboard in Resources */ = {isa = PBXBuildFile; fileRef = 9DBB966F1DABFD6700276552 /* LaunchScreen.storyboard */; };
		9DBB967C1DABFD6700276552 /* MYOATests.swift in Sources */ = {isa = PBXBuildFile; fileRef = 9DBB967B1DABFD6700276552 /* MYOATests.swift */; };
		9DBB96871DABFD6700276552 /* MYOAUITests.swift in Sources */ = {isa = PBXBuildFile; fileRef = 9DBB96861DABFD6700276552 /* MYOAUITests.swift */; };
/* End PBXBuildFile section */

/* Begin PBXContainerItemProxy section */
		9DBB96781DABFD6700276552 /* PBXContainerItemProxy */ = {
			isa = PBXContainerItemProxy;
			containerPortal = 9DBB965B1DABFD6700276552 /* Project object */;
			proxyType = 1;
			remoteGlobalIDString = 9DBB96621DABFD6700276552;
			remoteInfo = MYOA;
		};
		9DBB96831DABFD6700276552 /* PBXContainerItemProxy */ = {
			isa = PBXContainerItemProxy;
			containerPortal = 9DBB965B1DABFD6700276552 /* Project object */;
			proxyType = 1;
			remoteGlobalIDString = 9DBB96621DABFD6700276552;
			remoteInfo = MYOA;
		};
/* End PBXContainerItemProxy section */

/* Begin PBXFileReference section */
		9DBB96631DABFD6700276552 /* MYOA.app */ = {isa = PBXFileReference; explicitFileType = wrapper.application; includeInIndex = 0; path = MYOA.app; sourceTree = BUILT_PRODUCTS_DIR; };
		9DBB96661DABFD6700276552 /* AppDelegate.swift */ = {isa = PBXFileReference; lastKnownFileType = sourcecode.swift; path = AppDelegate.swift; sourceTree = "<group>"; };
		9DBB96681DABFD6700276552 /* ViewController.swift */ = {isa = PBXFileReference; lastKnownFileType = sourcecode.swift; path = ViewController.swift; sourceTree = "<group>"; };
		9DBB966B1DABFD6700276552 /* Base */ = {isa = PBXFileReference; lastKnownFileType = file.storyboard; name = Base; path = Base.lproj/Main.storyboard; sourceTree = "<group>"; };
		9DBB966D1DABFD6700276552 /* Assets.xcassets */ = {isa = PBXFileReference; lastKnownFileType = folder.assetcatalog; path = Assets.xcassets; sourceTree = "<group>"; };
		9DBB96701DABFD6700276552 /* Base */ = {isa = PBXFileReference; lastKnownFileType = file.storyboard; name = Base; path = Base.lproj/LaunchScreen.storyboard; sourceTree = "<group>"; };
		9DBB96721DABFD6700276552 /* Info.plist */ = {isa = PBXFileReference; lastKnownFileType = text.plist.xml; path = Info.plist; sourceTree = "<group>"; };
		9DBB96771DABFD6700276552 /* MYOATests.xctest */ = {isa = PBXFileReference; explicitFileType = wrapper.cfbundle; includeInIndex = 0; path = MYOATests.xctest; sourceTree = BUILT_PRODUCTS_DIR; };
		9DBB967B1DABFD6700276552 /* MYOATests.swift */ = {isa = PBXFileReference; lastKnownFileType = sourcecode.swift; path = MYOATests.swift; sourceTree = "<group>"; };
		9DBB967D1DABFD6700276552 /* Info.plist */ = {isa = PBXFileReference; lastKnownFileType = text.plist.xml; path = Info.plist; sourceTree = "<group>"; };
		9DBB96821DABFD6700276552 /* MYOAUITests.xctest */ = {isa = PBXFileReference; explicitFileType = wrapper.cfbundle; includeInIndex = 0; path = MYOAUITests.xctest; sourceTree = BUILT_PRODUCTS_DIR; };
		9DBB96861DABFD6700276552 /* MYOAUITests.swift */ = {isa = PBXFileReference; lastKnownFileType = sourcecode.swift; path = MYOAUITests.swift; sourceTree = "<group>"; };
		9DBB96881DABFD6700276552 /* Info.plist */ = {isa = PBXFileReference; lastKnownFileType = text.plist.xml; path = Info.plist; sourceTree = "<group>"; };
/* End PBXFileReference section */

/* Begin PBXFrameworksBuildPhase section */
		9DBB96601DABFD6700276552 /* Frameworks */ = {
			isa = PBXFrameworksBuildPhase;
			buildActionMask = 2147483647;
			files = (
			);
			runOnlyForDeploymentPostprocessing = 0;
		};
		9DBB96741DABFD6700276552 /* Frameworks */ = {
			isa = PBXFrameworksBuildPhase;
			buildActionMask = 2147483647;
			files = (
			);
			runOnlyForDeploymentPostprocessing = 0;
		};
		9DBB967F1DABFD6700276552 /* Frameworks */ = {
			isa = PBXFrameworksBuildPhase;
			buildActionMask = 2147483647;
			files = (
			);
			runOnlyForDeploymentPostprocessing = 0;
		};
/* End PBXFrameworksBuildPhase section */

/* Begin PBXGroup section */
		9DBB965A1DABFD6700276552 = {
			isa = PBXGroup;
			children = (
				9DBB96651DABFD6700276552 /* MYOA */,
				9DBB967A1DABFD6700276552 /* MYOATests */,
				9DBB96851DABFD6700276552 /* MYOAUITests */,
				9DBB96641DABFD6700276552 /* Products */,
			);
			sourceTree = "<group>";
		};
		9DBB96641DABFD6700276552 /* Products */ = {
			isa = PBXGroup;
			children = (
				9DBB96631DABFD6700276552 /* MYOA.app */,
				9DBB96771DABFD6700276552 /* MYOATests.xctest */,
				9DBB96821DABFD6700276552 /* MYOAUITests.xctest */,
			);
			name = Products;
			sourceTree = "<group>";
		};
		9DBB96651DABFD6700276552 /* MYOA */ = {
			isa = PBXGroup;
			children = (
				9DBB96661DABFD6700276552 /* AppDelegate.swift */,
				9DBB96681DABFD6700276552 /* ViewController.swift */,
				9DBB966A1DABFD6700276552 /* Main.storyboard */,
				9DBB966D1DABFD6700276552 /* Assets.xcassets */,
				9DBB966F1DABFD6700276552 /* LaunchScreen.storyboard */,
				9DBB96721DABFD6700276552 /* Info.plist */,
			);
			path = MYOA;
			sourceTree = "<group>";
		};
		9DBB967A1DABFD6700276552 /* MYOATests */ = {
			isa = PBXGroup;
			children = (
				9DBB967B1DABFD6700276552 /* MYOATests.swift */,
				9DBB967D1DABFD6700276552 /* Info.plist */,
			);
			path = MYOATests;
			sourceTree = "<group>";
		};
		9DBB96851DABFD6700276552 /* MYOAUITests */ = {
			isa = PBXGroup;
			children = (
				9DBB96861DABFD6700276552 /* MYOAUITests.swift */,
				9DBB96881DABFD6700276552 /* Info.plist */,
			);
			path = MYOAUITests;
			sourceTree = "<group>";
		};
/* End PBXGroup section */

/* Begin PBXNativeTarget section */
		9DBB96621DABFD6700276552 /* MYOA */ = {
			isa = PBXNativeTarget;
			buildConfigurationList = 9DBB968B1DABFD6700276552 /* Build configuration list for PBXNativeTarget "MYOA" */;
			buildPhases = (
				9DBB965F1DABFD6700276552 /* Sources */,
				9DBB96601DABFD6700276552 /* Frameworks */,
				9DBB96611DABFD6700276552 /* Resources */,
			);
			buildRules = (
			);
			dependencies = (
			);
			name = MYOA;
			productName = MYOA;
			productReference = 9DBB96631DABFD6700276552 /* MYOA.app */;
			productType = "com.apple.product-type.application";
		};
		9DBB96761DABFD6700276552 /* MYOATests */ = {
			isa = PBXNativeTarget;
			buildConfigurationList = 9DBB968E1DABFD6700276552 /* Build configuration list for PBXNativeTarget "MYOATests" */;
			buildPhases = (
				9DBB96731DABFD6700276552 /* Sources */,
				9DBB96741DABFD6700276552 /* Frameworks */,
				9DBB96751DABFD6700276552 /* Resources */,
			);
			buildRules = (
			);
			dependencies = (
				9DBB96791DABFD6700276552 /* PBXTargetDependency */,
			);
			name = MYOATests;
			productName = MYOATests;
			productReference = 9DBB96771DABFD6700276552 /* MYOATests.xctest */;
			productType = "com.apple.product-type.bundle.unit-test";
		};
		9DBB96811DABFD6700276552 /* MYOAUITests */ = {
			isa = PBXNativeTarget;
			buildConfigurationList = 9DBB96911DABFD6700276552 /* Build configuration list for PBXNativeTarget "MYOAUITests" */;
			buildPhases = (
				9DBB967E1DABFD6700276552 /* Sources */,
				9DBB967F1DABFD6700276552 /* Frameworks */,
				9DBB96801DABFD6700276552 /* Resources */,
			);
			buildRules = (
			);
			dependencies = (
				9DBB96841DABFD6700276552 /* PBXTargetDependency */,
			);
			name = MYOAUITests;
			productName = MYOAUITests;
			productReference = 9DBB96821DABFD6700276552 /* MYOAUITests.xctest */;
			productType = "com.apple.product-type.bundle.ui-testing";
		};
/* End PBXNativeTarget section */

/* Begin PBXProject section */
		9DBB965B1DABFD6700276552 /* Project object */ = {
			isa = PBXProject;
			attributes = {
				LastSwiftUpdateCheck = 0800;
				LastUpgradeCheck = 0800;
				ORGANIZATIONNAME = "HPL Software";
				TargetAttributes = {
					9DBB96621DABFD6700276552 = {
						CreatedOnToolsVersion = 8.0;
						DevelopmentTeam = VWECHR658F;
						ProvisioningStyle = Automatic;
					};
					9DBB96761DABFD6700276552 = {
						CreatedOnToolsVersion = 8.0;
						DevelopmentTeam = VWECHR658F;
						ProvisioningStyle = Automatic;
						TestTargetID = 9DBB96621DABFD6700276552;
					};
					9DBB96811DABFD6700276552 = {
						CreatedOnToolsVersion = 8.0;
						DevelopmentTeam = VWECHR658F;
						ProvisioningStyle = Automatic;
						TestTargetID = 9DBB96621DABFD6700276552;
					};
				};
			};
			buildConfigurationList = 9DBB965E1DABFD6700276552 /* Build configuration list for PBXProject "MYOA" */;
			compatibilityVersion = "Xcode 3.2";
			developmentRegion = English;
			hasScannedForEncodings = 0;
			knownRegions = (
				en,
				Base,
			);
			mainGroup = 9DBB965A1DABFD6700276552;
			productRefGroup = 9DBB96641DABFD6700276552 /* Products */;
			projectDirPath = "";
			projectRoot = "";
			targets = (
				9DBB96621DABFD6700276552 /* MYOA */,
				9DBB96761DABFD6700276552 /* MYOATests */,
				9DBB96811DABFD6700276552 /* MYOAUITests */,
			);
		};
/* End PBXProject section */

/* Begin PBXResourcesBuildPhase section */
		9DBB96611DABFD6700276552 /* Resources */ = {
			isa = PBXResourcesBuildPhase;
			buildActionMask = 2147483647;
			files = (
				9DBB96711DABFD6700276552 /* LaunchScreen.storyboard in Resources */,
				9DBB966E1DABFD6700276552 /* Assets.xcassets in Resources */,
				9DBB966C1DABFD6700276552 /* Main.storyboard in Resources */,
			);
			runOnlyForDeploymentPostprocessing = 0;
		};
		9DBB96751DABFD6700276552 /* Resources */ = {
			isa = PBXResourcesBuildPhase;
			buildActionMask = 2147483647;
			files = (
			);
			runOnlyForDeploymentPostprocessing = 0;
		};
		9DBB96801DABFD6700276552 /* Resources */ = {
			isa = PBXResourcesBuildPhase;
			buildActionMask = 2147483647;
			files = (
			);
			runOnlyForDeploymentPostprocessing = 0;
		};
/* End PBXResourcesBuildPhase section */

/* Begin PBXSourcesBuildPhase section */
		9DBB965F1DABFD6700276552 /* Sources */ = {
			isa = PBXSourcesBuildPhase;
			buildActionMask = 2147483647;
			files = (
				9DBB96691DABFD6700276552 /* ViewController.swift in Sources */,
				9DBB96671DABFD6700276552 /* AppDelegate.swift in Sources */,
			);
			runOnlyForDeploymentPostprocessing = 0;
		};
		9DBB96731DABFD6700276552 /* Sources */ = {
			isa = PBXSourcesBuildPhase;
			buildActionMask = 2147483647;
			files = (
				9DBB967C1DABFD6700276552 /* MYOATests.swift in Sources */,
			);
			runOnlyForDeploymentPostprocessing = 0;
		};
		9DBB967E1DABFD6700276552 /* Sources */ = {
			isa = PBXSourcesBuildPhase;
			buildActionMask = 2147483647;
			files = (
				9DBB96871DABFD6700276552 /* MYOAUITests.swift in Sources */,
			);
			runOnlyForDeploymentPostprocessing = 0;
		};
/* End PBXSourcesBuildPhase section */

/* Begin PBXTargetDependency section */
		9DBB96791DABFD6700276552 /* PBXTargetDependency */ = {
			isa = PBXTargetDependency;
			target = 9DBB96621DABFD6700276552 /* MYOA */;
			targetProxy = 9DBB96781DABFD6700276552 /* PBXContainerItemProxy */;
		};
		9DBB96841DABFD6700276552 /* PBXTargetDependency */ = {
			isa = PBXTargetDependency;
			target = 9DBB96621DABFD6700276552 /* MYOA */;
			targetProxy = 9DBB96831DABFD6700276552 /* PBXContainerItemProxy */;
		};
/* End PBXTargetDependency section */

/* Begin PBXVariantGroup section */
		9DBB966A1DABFD6700276552 /* Main.storyboard */ = {
			isa = PBXVariantGroup;
			children = (
				9DBB966B1DABFD6700276552 /* Base */,
			);
			name = Main.storyboard;
			sourceTree = "<group>";
		};
		9DBB966F1DABFD6700276552 /* LaunchScreen.storyboard */ = {
			isa = PBXVariantGroup;
			children = (
				9DBB96701DABFD6700276552 /* Base */,
			);
			name = LaunchScreen.storyboard;
			sourceTree = "<group>";
		};
/* End PBXVariantGroup section */

/* Begin XCBuildConfiguration section */
		9DBB96891DABFD6700276552 /* Debug */ = {
			isa = XCBuildConfiguration;
			buildSettings = {
				ALWAYS_SEARCH_USER_PATHS = NO;
				CLANG_ANALYZER_NONNULL = YES;
				CLANG_CXX_LANGUAGE_STANDARD = "gnu++0x";
				CLANG_CXX_LIBRARY = "libc++";
				CLANG_ENABLE_MODULES = YES;
				CLANG_ENABLE_OBJC_ARC = YES;
				CLANG_WARN_BOOL_CONVERSION = YES;
				CLANG_WARN_CONSTANT_CONVERSION = YES;
				CLANG_WARN_DIRECT_OBJC_ISA_USAGE = YES_ERROR;
				CLANG_WARN_DOCUMENTATION_COMMENTS = YES;
				CLANG_WARN_EMPTY_BODY = YES;
				CLANG_WARN_ENUM_CONVERSION = YES;
				CLANG_WARN_INFINITE_RECURSION = YES;
				CLANG_WARN_INT_CONVERSION = YES;
				CLANG_WARN_OBJC_ROOT_CLASS = YES_ERROR;
				CLANG_WARN_SUSPICIOUS_MOVES = YES;
				CLANG_WARN_UNREACHABLE_CODE = YES;
				CLANG_WARN__DUPLICATE_METHOD_MATCH = YES;
				"CODE_SIGN_IDENTITY[sdk=iphoneos*]" = "iPhone Developer";
				COPY_PHASE_STRIP = NO;
				DEBUG_INFORMATION_FORMAT = dwarf;
				ENABLE_STRICT_OBJC_MSGSEND = YES;
				ENABLE_TESTABILITY = YES;
				GCC_C_LANGUAGE_STANDARD = gnu99;
				GCC_DYNAMIC_NO_PIC = NO;
				GCC_NO_COMMON_BLOCKS = YES;
				GCC_OPTIMIZATION_LEVEL = 0;
				GCC_PREPROCESSOR_DEFINITIONS = (
					"DEBUG=1",
					"$(inherited)",
				);
				GCC_WARN_64_TO_32_BIT_CONVERSION = YES;
				GCC_WARN_ABOUT_RETURN_TYPE = YES_ERROR;
				GCC_WARN_UNDECLARED_SELECTOR = YES;
				GCC_WARN_UNINITIALIZED_AUTOS = YES_AGGRESSIVE;
				GCC_WARN_UNUSED_FUNCTION = YES;
				GCC_WARN_UNUSED_VARIABLE = YES;
				IPHONEOS_DEPLOYMENT_TARGET = 10.0;
				MTL_ENABLE_DEBUG_INFO = YES;
				ONLY_ACTIVE_ARCH = YES;
				SDKROOT = iphoneos;
				SWIFT_ACTIVE_COMPILATION_CONDITIONS = DEBUG;
				SWIFT_OPTIMIZATION_LEVEL = "-Onone";
			};
			name = Debug;
		};
		9DBB968A1DABFD6700276552 /* Release */ = {
			isa = XCBuildConfiguration;
			buildSettings = {
				ALWAYS_SEARCH_USER_PATHS = NO;
				CLANG_ANALYZER_NONNULL = YES;
				CLANG_CXX_LANGUAGE_STANDARD = "gnu++0x";
				CLANG_CXX_LIBRARY = "libc++";
				CLANG_ENABLE_MODULES = YES;
				CLANG_ENABLE_OBJC_ARC = YES;
				CLANG_WARN_BOOL_CONVERSION = YES;
				CLANG_WARN_CONSTANT_CONVERSION = YES;
				CLANG_WARN_DIRECT_OBJC_ISA_USAGE = YES_ERROR;
				CLANG_WARN_DOCUMENTATION_COMMENTS = YES;
				CLANG_WARN_EMPTY_BODY = YES;
				CLANG_WARN_ENUM_CONVERSION = YES;
				CLANG_WARN_INFINITE_RECURSION = YES;
				CLANG_WARN_INT_CONVERSION = YES;
				CLANG_WARN_OBJC_ROOT_CLASS = YES_ERROR;
				CLANG_WARN_SUSPICIOUS_MOVES = YES;
				CLANG_WARN_UNREACHABLE_CODE = YES;
				CLANG_WARN__DUPLICATE_METHOD_MATCH = YES;
				"CODE_SIGN_IDENTITY[sdk=iphoneos*]" = "iPhone Developer";
				COPY_PHASE_STRIP = NO;
				DEBUG_INFORMATION_FORMAT = "dwarf-with-dsym";
				ENABLE_NS_ASSERTIONS = NO;
				ENABLE_STRICT_OBJC_MSGSEND = YES;
				GCC_C_LANGUAGE_STANDARD = gnu99;
				GCC_NO_COMMON_BLOCKS = YES;
				GCC_WARN_64_TO_32_BIT_CONVERSION = YES;
				GCC_WARN_ABOUT_RETURN_TYPE = YES_ERROR;
				GCC_WARN_UNDECLARED_SELECTOR = YES;
				GCC_WARN_UNINITIALIZED_AUTOS = YES_AGGRESSIVE;
				GCC_WARN_UNUSED_FUNCTION = YES;
				GCC_WARN_UNUSED_VARIABLE = YES;
				IPHONEOS_DEPLOYMENT_TARGET = 10.0;
				MTL_ENABLE_DEBUG_INFO = NO;
				SDKROOT = iphoneos;
				SWIFT_OPTIMIZATION_LEVEL = "-Owholemodule";
				VALIDATE_PRODUCT = YES;
			};
			name = Release;
		};
		9DBB968C1DABFD6700276552 /* Debug */ = {
			isa = XCBuildConfiguration;
			buildSettings = {
				ASSETCATALOG_COMPILER_APPICON_NAME = AppIcon;
				DEVELOPMENT_TEAM = VWECHR658F;
				INFOPLIST_FILE = MYOA/Info.plist;
				LD_RUNPATH_SEARCH_PATHS = "$(inherited) @executable_path/Frameworks";
				PRODUCT_BUNDLE_IDENTIFIER = com.hplsoftware.MYOA;
				PRODUCT_NAME = "$(TARGET_NAME)";
				SWIFT_VERSION = 3.0;
			};
			name = Debug;
		};
		9DBB968D1DABFD6700276552 /* Release */ = {
			isa = XCBuildConfiguration;
			buildSettings = {
				ASSETCATALOG_COMPILER_APPICON_NAME = AppIcon;
				DEVELOPMENT_TEAM = VWECHR658F;
				INFOPLIST_FILE = MYOA/Info.plist;
				LD_RUNPATH_SEARCH_PATHS = "$(inherited) @executable_path/Frameworks";
				PRODUCT_BUNDLE_IDENTIFIER = com.hplsoftware.MYOA;
				PRODUCT_NAME = "$(TARGET_NAME)";
				SWIFT_VERSION = 3.0;
			};
			name = Release;
		};
		9DBB968F1DABFD6700276552 /* Debug */ = {
			isa = XCBuildConfiguration;
			buildSettings = {
				ALWAYS_EMBED_SWIFT_STANDARD_LIBRARIES = YES;
				BUNDLE_LOADER = "$(TEST_HOST)";
				DEVELOPMENT_TEAM = VWECHR658F;
				INFOPLIST_FILE = MYOATests/Info.plist;
				LD_RUNPATH_SEARCH_PATHS = "$(inherited) @executable_path/Frameworks @loader_path/Frameworks";
				PRODUCT_BUNDLE_IDENTIFIER = com.hplsoftware.MYOATests;
				PRODUCT_NAME = "$(TARGET_NAME)";
				SWIFT_VERSION = 3.0;
				TEST_HOST = "$(BUILT_PRODUCTS_DIR)/MYOA.app/MYOA";
			};
			name = Debug;
		};
		9DBB96901DABFD6700276552 /* Release */ = {
			isa = XCBuildConfiguration;
			buildSettings = {
				ALWAYS_EMBED_SWIFT_STANDARD_LIBRARIES = YES;
				BUNDLE_LOADER = "$(TEST_HOST)";
				DEVELOPMENT_TEAM = VWECHR658F;
				INFOPLIST_FILE = MYOATests/Info.plist;
				LD_RUNPATH_SEARCH_PATHS = "$(inherited) @executable_path/Frameworks @loader_path/Frameworks";
				PRODUCT_BUNDLE_IDENTIFIER = com.hplsoftware.MYOATests;
				PRODUCT_NAME = "$(TARGET_NAME)";
				SWIFT_VERSION = 3.0;
				TEST_HOST = "$(BUILT_PRODUCTS_DIR)/MYOA.app/MYOA";
			};
			name = Release;
		};
		9DBB96921DABFD6700276552 /* Debug */ = {
			isa = XCBuildConfiguration;
			buildSettings = {
				ALWAYS_EMBED_SWIFT_STANDARD_LIBRARIES = YES;
				DEVELOPMENT_TEAM = VWECHR658F;
				INFOPLIST_FILE = MYOAUITests/Info.plist;
				LD_RUNPATH_SEARCH_PATHS = "$(inherited) @executable_path/Frameworks @loader_path/Frameworks";
				PRODUCT_BUNDLE_IDENTIFIER = com.hplsoftware.MYOAUITests;
				PRODUCT_NAME = "$(TARGET_NAME)";
				SWIFT_VERSION = 3.0;
				TEST_TARGET_NAME = MYOA;
			};
			name = Debug;
		};
		9DBB96931DABFD6700276552 /* Release */ = {
			isa = XCBuildConfiguration;
			buildSettings = {
				ALWAYS_EMBED_SWIFT_STANDARD_LIBRARIES = YES;
				DEVELOPMENT_TEAM = VWECHR658F;
				INFOPLIST_FILE = MYOAUITests/Info.plist;
				LD_RUNPATH_SEARCH_PATHS = "$(inherited) @executable_path/Frameworks @loader_path/Frameworks";
				PRODUCT_BUNDLE_IDENTIFIER = com.hplsoftware.MYOAUITests;
				PRODUCT_NAME = "$(TARGET_NAME)";
				SWIFT_VERSION = 3.0;
				TEST_TARGET_NAME = MYOA;
			};
			name = Release;
		};
/* End XCBuildConfiguration section */

/* Begin XCConfigurationList section */
		9DBB965E1DABFD6700276552 /* Build configuration list for PBXProject "MYOA" */ = {
			isa = XCConfigurationList;
			buildConfigurations = (
				9DBB96891DABFD6700276552 /* Debug */,
				9DBB968A1DABFD6700276552 /* Release */,
			);
			defaultConfigurationIsVisible = 0;
			defaultConfigurationName = Release;
		};
		9DBB968B1DABFD6700276552 /* Build configuration list for PBXNativeTarget "MYOA" */ = {
			isa = XCConfigurationList;
			buildConfigurations = (
				9DBB968C1DABFD6700276552 /* Debug */,
				9DBB968D1DABFD6700276552 /* Release */,
			);
			defaultConfigurationIsVisible = 0;
		};
		9DBB968E1DABFD6700276552 /* Build configuration list for PBXNativeTarget "MYOATests" */ = {
			isa = XCConfigurationList;
			buildConfigurations = (
				9DBB968F1DABFD6700276552 /* Debug */,
				9DBB96901DABFD6700276552 /* Release */,
			);
			defaultConfigurationIsVisible = 0;
		};
		9DBB96911DABFD6700276552 /* Build configuration list for PBXNativeTarget "MYOAUITests" */ = {
			isa = XCConfigurationList;
			buildConfigurations = (
				9DBB96921DABFD6700276552 /* Debug */,
				9DBB96931DABFD6700276552 /* Release */,
			);
			defaultConfigurationIsVisible = 0;
		};
/* End XCConfigurationList section */
	};
	rootObject = 9DBB965B1DABFD6700276552 /* Project object */;
}
